# THIS IS AN AUTOGENERATED FILE. DO NOT EDIT THIS FILE DIRECTLY.
# yarn lockfile v1


react-navigation-drawer@^2.3.4:
  version "2.3.4"
  resolved "https://registry.yarnpkg.com/react-navigation-drawer/-/react-navigation-drawer-2.3.4.tgz#c1faa96f2d810158c81fdf1e4829bd7f8291181d"
  integrity sha512-jPGFVsYB+Q51bMFoeXLO2sYXMQISu2b9fQWZ9QMTvRsA/9pqeBfW7AXM97qW+HdciiQJBdJ6DcttoybWjBSpWQ==
